
Microsoft Visual Studio Solution File, Format Version 12.00
# Visual Studio Version 16
VisualStudioVersion = 16.0.30517.126
MinimumVisualStudioVersion = 10.0.40219.1
Project("{9A19103F-16F7-4668-BE54-9A1E7A4F7556}") = "GraphQLManager", "src\GraphQLManager\GraphQLManager.csproj", "{744BFA14-041A-4573-BAD7-C2AC7EFDF3D1}"
EndProject
Project("{FAE04EC0-301F-11D3-BF4B-00C04F79EFBC}") = "MemberManager.GPRC", "MemberManager.GPRC\MemberManager.GPRC.csproj", "{727383CA-E35A-4C1A-A4E0-8A02BB9EA8D9}"
EndProject
Project("{FAE04EC0-301F-11D3-BF4B-00C04F79EFBC}") = "MemberManager", "MemberManager\MemberManager.csproj", "{7BA7026D-8417-4223-9BB3-C4FAAEEB0125}"
EndProject
Project("{2150E333-8FDC-42A3-9474-1A3956D46DE8}") = "Cert", "Cert", "{4808D477-4DC4-44B6-AC9B-0AA3F40C42C0}"
	ProjectSection(SolutionItems) = preProject
		makecerts.ps1 = makecerts.ps1
	EndProjectSection
EndProject
Global
	GlobalSection(SolutionConfigurationPlatforms) = preSolution
		Debug|Any CPU = Debug|Any CPU
		Release|Any CPU = Release|Any CPU
	EndGlobalSection
	GlobalSection(ProjectConfigurationPlatforms) = postSolution
		{744BFA14-041A-4573-BAD7-C2AC7EFDF3D1}.Debug|Any CPU.ActiveCfg = Debug|Any CPU
		{744BFA14-041A-4573-BAD7-C2AC7EFDF3D1}.Debug|Any CPU.Build.0 = Debug|Any CPU
		{744BFA14-041A-4573-BAD7-C2AC7EFDF3D1}.Release|Any CPU.ActiveCfg = Release|Any CPU
		{744BFA14-041A-4573-BAD7-C2AC7EFDF3D1}.Release|Any CPU.Build.0 = Release|Any CPU
		{727383CA-E35A-4C1A-A4E0-8A02BB9EA8D9}.Debug|Any CPU.ActiveCfg = Debug|Any CPU
		{727383CA-E35A-4C1A-A4E0-8A02BB9EA8D9}.Debug|Any CPU.Build.0 = Debug|Any CPU
		{727383CA-E35A-4C1A-A4E0-8A02BB9EA8D9}.Release|Any CPU.ActiveCfg = Release|Any CPU
		{727383CA-E35A-4C1A-A4E0-8A02BB9EA8D9}.Release|Any CPU.Build.0 = Release|Any CPU
		{7BA7026D-8417-4223-9BB3-C4FAAEEB0125}.Debug|Any CPU.ActiveCfg = Debug|Any CPU
		{7BA7026D-8417-4223-9BB3-C4FAAEEB0125}.Debug|Any CPU.Build.0 = Debug|Any CPU
		{7BA7026D-8417-4223-9BB3-C4FAAEEB0125}.Release|Any CPU.ActiveCfg = Release|Any CPU
		{7BA7026D-8417-4223-9BB3-C4FAAEEB0125}.Release|Any CPU.Build.0 = Release|Any CPU
	EndGlobalSection
	GlobalSection(SolutionProperties) = preSolution
		HideSolutionNode = FALSE
	EndGlobalSection
	GlobalSection(ExtensibilityGlobals) = postSolution
		SolutionGuid = {F2C1C3BF-6D01-4B83-A8A9-F4E9BB011EFA}
	EndGlobalSection
EndGlobal
